// !$*UTF8*$!
{
	archiveVersion = 1;
	classes = {
	};
	objectVersion = 56;
	objects = {

/* Begin PBXBuildFile section */
		0023BE142ACF45DA00122C37 /* SmartTravel_1App.swift in Sources */ = {isa = PBXBuildFile; fileRef = 0023BE132ACF45DA00122C37 /* SmartTravel_1App.swift */; };
		0023BE162ACF45DA00122C37 /* ContentView.swift in Sources */ = {isa = PBXBuildFile; fileRef = 0023BE152ACF45DA00122C37 /* ContentView.swift */; };
		0023BE182ACF45DD00122C37 /* Assets.xcassets in Resources */ = {isa = PBXBuildFile; fileRef = 0023BE172ACF45DD00122C37 /* Assets.xcassets */; };
		0023BE1B2ACF45DD00122C37 /* Preview Assets.xcassets in Resources */ = {isa = PBXBuildFile; fileRef = 0023BE1A2ACF45DD00122C37 /* Preview Assets.xcassets */; };
		0023BE232ACF46EC00122C37 /* GoogleService-Info.plist in Resources */ = {isa = PBXBuildFile; fileRef = 0023BE222ACF46EC00122C37 /* GoogleService-Info.plist */; };
		0023BE262ACF474B00122C37 /* FirebaseAnalytics in Frameworks */ = {isa = PBXBuildFile; productRef = 0023BE252ACF474B00122C37 /* FirebaseAnalytics */; };
		0023BE282ACF474B00122C37 /* FirebaseAnalyticsOnDeviceConversion in Frameworks */ = {isa = PBXBuildFile; productRef = 0023BE272ACF474B00122C37 /* FirebaseAnalyticsOnDeviceConversion */; };
		0023BE2A2ACF474B00122C37 /* FirebaseAnalyticsSwift in Frameworks */ = {isa = PBXBuildFile; productRef = 0023BE292ACF474B00122C37 /* FirebaseAnalyticsSwift */; };
		0023BE2C2ACF474B00122C37 /* FirebaseAnalyticsWithoutAdIdSupport in Frameworks */ = {isa = PBXBuildFile; productRef = 0023BE2B2ACF474B00122C37 /* FirebaseAnalyticsWithoutAdIdSupport */; };
		0023BE2E2ACF474B00122C37 /* FirebaseAppCheck in Frameworks */ = {isa = PBXBuildFile; productRef = 0023BE2D2ACF474B00122C37 /* FirebaseAppCheck */; };
		0023BE302ACF474B00122C37 /* FirebaseAppDistribution-Beta in Frameworks */ = {isa = PBXBuildFile; productRef = 0023BE2F2ACF474B00122C37 /* FirebaseAppDistribution-Beta */; };
		0023BE322ACF474B00122C37 /* FirebaseAuth in Frameworks */ = {isa = PBXBuildFile; productRef = 0023BE312ACF474B00122C37 /* FirebaseAuth */; };
		0023BE342ACF474B00122C37 /* FirebaseAuthCombine-Community in Frameworks */ = {isa = PBXBuildFile; productRef = 0023BE332ACF474B00122C37 /* FirebaseAuthCombine-Community */; };
		0023BE362ACF474B00122C37 /* FirebaseCrashlytics in Frameworks */ = {isa = PBXBuildFile; productRef = 0023BE352ACF474B00122C37 /* FirebaseCrashlytics */; };
		0023BE382ACF474B00122C37 /* FirebaseDatabase in Frameworks */ = {isa = PBXBuildFile; productRef = 0023BE372ACF474B00122C37 /* FirebaseDatabase */; };
		0023BE3A2ACF474B00122C37 /* FirebaseDatabaseSwift in Frameworks */ = {isa = PBXBuildFile; productRef = 0023BE392ACF474B00122C37 /* FirebaseDatabaseSwift */; };
		0023BE3C2ACF474B00122C37 /* FirebaseDynamicLinks in Frameworks */ = {isa = PBXBuildFile; productRef = 0023BE3B2ACF474B00122C37 /* FirebaseDynamicLinks */; };
		0023BE3E2ACF474B00122C37 /* FirebaseFirestore in Frameworks */ = {isa = PBXBuildFile; productRef = 0023BE3D2ACF474B00122C37 /* FirebaseFirestore */; };
		0023BE402ACF485900122C37 /* SignInScreen.swift in Sources */ = {isa = PBXBuildFile; fileRef = 0023BE3F2ACF485900122C37 /* SignInScreen.swift */; };
		0023BE422ACF489E00122C37 /* SignUpScreen.swift in Sources */ = {isa = PBXBuildFile; fileRef = 0023BE412ACF489E00122C37 /* SignUpScreen.swift */; };
		0023BE442ACF493800122C37 /* MainScreen.swift in Sources */ = {isa = PBXBuildFile; fileRef = 0023BE432ACF493800122C37 /* MainScreen.swift */; };
		0023BE462ACF4E8500122C37 /* AuthViewModel.swift in Sources */ = {isa = PBXBuildFile; fileRef = 0023BE452ACF4E8500122C37 /* AuthViewModel.swift */; };
		1E2749DF2AFA510700A9EA59 /* Extension.swift in Sources */ = {isa = PBXBuildFile; fileRef = 1E2749DE2AFA510700A9EA59 /* Extension.swift */; };
		1E2749E52AFA54A600A9EA59 /* StarRating in Frameworks */ = {isa = PBXBuildFile; productRef = 1E2749E42AFA54A600A9EA59 /* StarRating */; };
		1E3805EE2AF8E93D0083325A /* LocationManager.swift in Sources */ = {isa = PBXBuildFile; fileRef = 1E3805ED2AF8E93D0083325A /* LocationManager.swift */; };
		1E887A602AFA67B500AD922F /* GiveFeedbackAndReview.swift in Sources */ = {isa = PBXBuildFile; fileRef = 1E887A5F2AFA67B500AD922F /* GiveFeedbackAndReview.swift */; };
		1E887A632AFA7AD800AD922F /* ReviewListingView.swift in Sources */ = {isa = PBXBuildFile; fileRef = 1E887A622AFA7AD800AD922F /* ReviewListingView.swift */; };
		1EC7535E2AFA09E200BA7950 /* FavouritesListingView.swift in Sources */ = {isa = PBXBuildFile; fileRef = 1EC7535D2AFA09E200BA7950 /* FavouritesListingView.swift */; };
		1EC753612AFA09F500BA7950 /* OrderListingView.swift in Sources */ = {isa = PBXBuildFile; fileRef = 1EC753602AFA09F500BA7950 /* OrderListingView.swift */; };
		1EC753642AFA0A0700BA7950 /* NotificationListingView.swift in Sources */ = {isa = PBXBuildFile; fileRef = 1EC753632AFA0A0700BA7950 /* NotificationListingView.swift */; };
		1EC753682AFA0AE100BA7950 /* SideMenuView.swift in Sources */ = {isa = PBXBuildFile; fileRef = 1EC753672AFA0AE100BA7950 /* SideMenuView.swift */; };
		1EC753B42AFA12FC00BA7950 /* SideMenu.swift in Sources */ = {isa = PBXBuildFile; fileRef = 1EC753B32AFA12FC00BA7950 /* SideMenu.swift */; };
		1EC753B82AFA135A00BA7950 /* HomeVieww.swift in Sources */ = {isa = PBXBuildFile; fileRef = 1EC753B72AFA135A00BA7950 /* HomeVieww.swift */; };
		1EC753BB2AFA13AB00BA7950 /* MainTabbedView.swift in Sources */ = {isa = PBXBuildFile; fileRef = 1EC753BA2AFA13AB00BA7950 /* MainTabbedView.swift */; };
		1EC753C02AFA1DAA00BA7950 /* FirebaseManager.swift in Sources */ = {isa = PBXBuildFile; fileRef = 1EC753BF2AFA1DAA00BA7950 /* FirebaseManager.swift */; };
		DA4BF6142AD3120500B0D3CC /* HomeScreen.swift in Sources */ = {isa = PBXBuildFile; fileRef = DA4BF6132AD3120500B0D3CC /* HomeScreen.swift */; };
		DAFB472E2AF34ECD00E7D8E8 /* SplashScreenView.swift in Sources */ = {isa = PBXBuildFile; fileRef = DAFB472D2AF34ECD00E7D8E8 /* SplashScreenView.swift */; };
		DAFBDCB42ADC63A100148DDC /* UserProfile.swift in Sources */ = {isa = PBXBuildFile; fileRef = DAFBDCB32ADC63A000148DDC /* UserProfile.swift */; };
		DAFBDCB62ADC8B0300148DDC /* DetailsScreen.swift in Sources */ = {isa = PBXBuildFile; fileRef = DAFBDCB52ADC8B0300148DDC /* DetailsScreen.swift */; };
		FA466A252B0D505F00F19C9D /* UserMapView.swift in Sources */ = {isa = PBXBuildFile; fileRef = FA466A242B0D505F00F19C9D /* UserMapView.swift */; };
		FA62C46D2B1D026300C6A177 /* ContentViewModel.swift in Sources */ = {isa = PBXBuildFile; fileRef = FA62C46A2B1D026300C6A177 /* ContentViewModel.swift */; };
		FA62C46E2B1D026300C6A177 /* LocalSearchService.swift in Sources */ = {isa = PBXBuildFile; fileRef = FA62C46B2B1D026300C6A177 /* LocalSearchService.swift */; };
		FA62C46F2B1D026300C6A177 /* AppleLocalSearchApp.swift in Sources */ = {isa = PBXBuildFile; fileRef = FA62C46C2B1D026300C6A177 /* AppleLocalSearchApp.swift */; };
		FA62C4712B1D1D8C00C6A177 /* SearchLocationsScreen.swift in Sources */ = {isa = PBXBuildFile; fileRef = FA62C4702B1D1D8C00C6A177 /* SearchLocationsScreen.swift */; };
		FA70188D2B1BBA9C00CE750A /* EditUserProfile.swift in Sources */ = {isa = PBXBuildFile; fileRef = FA70188C2B1BBA9C00CE750A /* EditUserProfile.swift */; };
		FA70188F2B1BDC6F00CE750A /* PaymentScreen.swift in Sources */ = {isa = PBXBuildFile; fileRef = FA70188E2B1BDC6F00CE750A /* PaymentScreen.swift */; };
		FA8F79CE2AFE3D8B001DBF72 /* UserDefaults.swift in Sources */ = {isa = PBXBuildFile; fileRef = FA8F79CD2AFE3D8B001DBF72 /* UserDefaults.swift */; };
		FA8F79D02AFF9926001DBF72 /* FirebaseAnalytics in Frameworks */ = {isa = PBXBuildFile; productRef = FA8F79CF2AFF9926001DBF72 /* FirebaseAnalytics */; };
		FA8F79D22AFF9926001DBF72 /* FirebaseAnalyticsOnDeviceConversion in Frameworks */ = {isa = PBXBuildFile; productRef = FA8F79D12AFF9926001DBF72 /* FirebaseAnalyticsOnDeviceConversion */; };
		FA8F79D42AFF9926001DBF72 /* FirebaseAnalyticsSwift in Frameworks */ = {isa = PBXBuildFile; productRef = FA8F79D32AFF9926001DBF72 /* FirebaseAnalyticsSwift */; };
		FA8F79D62AFF9926001DBF72 /* FirebaseAnalyticsWithoutAdIdSupport in Frameworks */ = {isa = PBXBuildFile; productRef = FA8F79D52AFF9926001DBF72 /* FirebaseAnalyticsWithoutAdIdSupport */; };
		FA8F79D82AFF9926001DBF72 /* FirebaseAppCheck in Frameworks */ = {isa = PBXBuildFile; productRef = FA8F79D72AFF9926001DBF72 /* FirebaseAppCheck */; };
		FA8F79DA2AFF9926001DBF72 /* FirebaseAppDistribution-Beta in Frameworks */ = {isa = PBXBuildFile; productRef = FA8F79D92AFF9926001DBF72 /* FirebaseAppDistribution-Beta */; };
		FA8F79DC2AFF9926001DBF72 /* FirebaseAuth in Frameworks */ = {isa = PBXBuildFile; productRef = FA8F79DB2AFF9926001DBF72 /* FirebaseAuth */; };
		FA8F79DE2AFF9926001DBF72 /* FirebaseAuthCombine-Community in Frameworks */ = {isa = PBXBuildFile; productRef = FA8F79DD2AFF9926001DBF72 /* FirebaseAuthCombine-Community */; };
		FA8F79E02AFF9926001DBF72 /* FirebaseCrashlytics in Frameworks */ = {isa = PBXBuildFile; productRef = FA8F79DF2AFF9926001DBF72 /* FirebaseCrashlytics */; };
		FA8F79E22AFF9926001DBF72 /* FirebaseDatabase in Frameworks */ = {isa = PBXBuildFile; productRef = FA8F79E12AFF9926001DBF72 /* FirebaseDatabase */; };
		FA8F79E42AFF9926001DBF72 /* FirebaseDatabaseSwift in Frameworks */ = {isa = PBXBuildFile; productRef = FA8F79E32AFF9926001DBF72 /* FirebaseDatabaseSwift */; };
		FA8F79E62AFF9926001DBF72 /* FirebaseDynamicLinks in Frameworks */ = {isa = PBXBuildFile; productRef = FA8F79E52AFF9926001DBF72 /* FirebaseDynamicLinks */; };
		FA8F79E82AFF9926001DBF72 /* FirebaseFirestore in Frameworks */ = {isa = PBXBuildFile; productRef = FA8F79E72AFF9926001DBF72 /* FirebaseFirestore */; };
		FA8F79EA2AFF9926001DBF72 /* FirebaseFirestoreCombine-Community in Frameworks */ = {isa = PBXBuildFile; productRef = FA8F79E92AFF9926001DBF72 /* FirebaseFirestoreCombine-Community */; };
		FA8F79EC2AFF9926001DBF72 /* FirebaseFirestoreSwift in Frameworks */ = {isa = PBXBuildFile; productRef = FA8F79EB2AFF9926001DBF72 /* FirebaseFirestoreSwift */; };
		FA8F79EE2AFF9926001DBF72 /* FirebaseFunctions in Frameworks */ = {isa = PBXBuildFile; productRef = FA8F79ED2AFF9926001DBF72 /* FirebaseFunctions */; };
		FA8F79F02AFF9926001DBF72 /* FirebaseFunctionsCombine-Community in Frameworks */ = {isa = PBXBuildFile; productRef = FA8F79EF2AFF9926001DBF72 /* FirebaseFunctionsCombine-Community */; };
		FA8F79F22AFF9926001DBF72 /* FirebaseInAppMessaging-Beta in Frameworks */ = {isa = PBXBuildFile; productRef = FA8F79F12AFF9926001DBF72 /* FirebaseInAppMessaging-Beta */; };
		FA8F79F42AFF9926001DBF72 /* FirebaseInAppMessagingSwift-Beta in Frameworks */ = {isa = PBXBuildFile; productRef = FA8F79F32AFF9926001DBF72 /* FirebaseInAppMessagingSwift-Beta */; };
		FA8F79F62AFF9926001DBF72 /* FirebaseInstallations in Frameworks */ = {isa = PBXBuildFile; productRef = FA8F79F52AFF9926001DBF72 /* FirebaseInstallations */; };
		FA8F79F82AFF9926001DBF72 /* FirebaseMLModelDownloader in Frameworks */ = {isa = PBXBuildFile; productRef = FA8F79F72AFF9926001DBF72 /* FirebaseMLModelDownloader */; };
		FA8F79FA2AFF9926001DBF72 /* FirebaseMessaging in Frameworks */ = {isa = PBXBuildFile; productRef = FA8F79F92AFF9926001DBF72 /* FirebaseMessaging */; };
		FA8F79FC2AFF9926001DBF72 /* FirebasePerformance in Frameworks */ = {isa = PBXBuildFile; productRef = FA8F79FB2AFF9926001DBF72 /* FirebasePerformance */; };
		FA8F79FE2AFF9926001DBF72 /* FirebaseRemoteConfig in Frameworks */ = {isa = PBXBuildFile; productRef = FA8F79FD2AFF9926001DBF72 /* FirebaseRemoteConfig */; };
		FA8F7A002AFF9926001DBF72 /* FirebaseRemoteConfigSwift in Frameworks */ = {isa = PBXBuildFile; productRef = FA8F79FF2AFF9926001DBF72 /* FirebaseRemoteConfigSwift */; };
		FA8F7A022AFF9926001DBF72 /* FirebaseStorage in Frameworks */ = {isa = PBXBuildFile; productRef = FA8F7A012AFF9926001DBF72 /* FirebaseStorage */; };
		FA8F7A042AFF9926001DBF72 /* FirebaseStorageCombine-Community in Frameworks */ = {isa = PBXBuildFile; productRef = FA8F7A032AFF9926001DBF72 /* FirebaseStorageCombine-Community */; };
/* End PBXBuildFile section */

/* Begin PBXFileReference section */
		0023BE102ACF45DA00122C37 /* SmartTravel 1.app */ = {isa = PBXFileReference; explicitFileType = wrapper.application; includeInIndex = 0; path = "SmartTravel 1.app"; sourceTree = BUILT_PRODUCTS_DIR; };
		0023BE132ACF45DA00122C37 /* SmartTravel_1App.swift */ = {isa = PBXFileReference; lastKnownFileType = sourcecode.swift; path = SmartTravel_1App.swift; sourceTree = "<group>"; };
		0023BE152ACF45DA00122C37 /* ContentView.swift */ = {isa = PBXFileReference; lastKnownFileType = sourcecode.swift; path = ContentView.swift; sourceTree = "<group>"; };
		0023BE172ACF45DD00122C37 /* Assets.xcassets */ = {isa = PBXFileReference; lastKnownFileType = folder.assetcatalog; path = Assets.xcassets; sourceTree = "<group>"; };
		0023BE1A2ACF45DD00122C37 /* Preview Assets.xcassets */ = {isa = PBXFileReference; lastKnownFileType = folder.assetcatalog; path = "Preview Assets.xcassets"; sourceTree = "<group>"; };
		0023BE222ACF46EC00122C37 /* GoogleService-Info.plist */ = {isa = PBXFileReference; fileEncoding = 4; lastKnownFileType = text.plist.xml; path = "GoogleService-Info.plist"; sourceTree = "<group>"; };
		0023BE3F2ACF485900122C37 /* SignInScreen.swift */ = {isa = PBXFileReference; lastKnownFileType = sourcecode.swift; path = SignInScreen.swift; sourceTree = "<group>"; };
		0023BE412ACF489E00122C37 /* SignUpScreen.swift */ = {isa = PBXFileReference; lastKnownFileType = sourcecode.swift; path = SignUpScreen.swift; sourceTree = "<group>"; };
		0023BE432ACF493800122C37 /* MainScreen.swift */ = {isa = PBXFileReference; lastKnownFileType = sourcecode.swift; path = MainScreen.swift; sourceTree = "<group>"; };
		0023BE452ACF4E8500122C37 /* AuthViewModel.swift */ = {isa = PBXFileReference; lastKnownFileType = sourcecode.swift; path = AuthViewModel.swift; sourceTree = "<group>"; };
		1E2749DE2AFA510700A9EA59 /* Extension.swift */ = {isa = PBXFileReference; lastKnownFileType = sourcecode.swift; path = Extension.swift; sourceTree = "<group>"; };
		1E3805ED2AF8E93D0083325A /* LocationManager.swift */ = {isa = PBXFileReference; lastKnownFileType = sourcecode.swift; path = LocationManager.swift; sourceTree = "<group>"; };
		1E887A5F2AFA67B500AD922F /* GiveFeedbackAndReview.swift */ = {isa = PBXFileReference; lastKnownFileType = sourcecode.swift; path = GiveFeedbackAndReview.swift; sourceTree = "<group>"; };
		1E887A622AFA7AD800AD922F /* ReviewListingView.swift */ = {isa = PBXFileReference; lastKnownFileType = sourcecode.swift; path = ReviewListingView.swift; sourceTree = "<group>"; };
		1EC7535D2AFA09E200BA7950 /* FavouritesListingView.swift */ = {isa = PBXFileReference; lastKnownFileType = sourcecode.swift; path = FavouritesListingView.swift; sourceTree = "<group>"; };
		1EC753602AFA09F500BA7950 /* OrderListingView.swift */ = {isa = PBXFileReference; lastKnownFileType = sourcecode.swift; path = OrderListingView.swift; sourceTree = "<group>"; };
		1EC753632AFA0A0700BA7950 /* NotificationListingView.swift */ = {isa = PBXFileReference; lastKnownFileType = sourcecode.swift; path = NotificationListingView.swift; sourceTree = "<group>"; };
		1EC753672AFA0AE100BA7950 /* SideMenuView.swift */ = {isa = PBXFileReference; lastKnownFileType = sourcecode.swift; path = SideMenuView.swift; sourceTree = "<group>"; };
		1EC753B32AFA12FC00BA7950 /* SideMenu.swift */ = {isa = PBXFileReference; lastKnownFileType = sourcecode.swift; path = SideMenu.swift; sourceTree = "<group>"; };
		1EC753B72AFA135A00BA7950 /* HomeVieww.swift */ = {isa = PBXFileReference; lastKnownFileType = sourcecode.swift; path = HomeVieww.swift; sourceTree = "<group>"; };
		1EC753BA2AFA13AB00BA7950 /* MainTabbedView.swift */ = {isa = PBXFileReference; lastKnownFileType = sourcecode.swift; path = MainTabbedView.swift; sourceTree = "<group>"; };
		1EC753BF2AFA1DAA00BA7950 /* FirebaseManager.swift */ = {isa = PBXFileReference; lastKnownFileType = sourcecode.swift; path = FirebaseManager.swift; sourceTree = "<group>"; };
		DA4BF6132AD3120500B0D3CC /* HomeScreen.swift */ = {isa = PBXFileReference; lastKnownFileType = sourcecode.swift; path = HomeScreen.swift; sourceTree = "<group>"; };
		DAFB472D2AF34ECD00E7D8E8 /* SplashScreenView.swift */ = {isa = PBXFileReference; lastKnownFileType = sourcecode.swift; path = SplashScreenView.swift; sourceTree = "<group>"; };
		DAFBDCB32ADC63A000148DDC /* UserProfile.swift */ = {isa = PBXFileReference; lastKnownFileType = sourcecode.swift; path = UserProfile.swift; sourceTree = "<group>"; };
		DAFBDCB52ADC8B0300148DDC /* DetailsScreen.swift */ = {isa = PBXFileReference; lastKnownFileType = sourcecode.swift; path = DetailsScreen.swift; sourceTree = "<group>"; };
		FA466A242B0D505F00F19C9D /* UserMapView.swift */ = {isa = PBXFileReference; lastKnownFileType = sourcecode.swift; path = UserMapView.swift; sourceTree = "<group>"; };
		FA62C46A2B1D026300C6A177 /* ContentViewModel.swift */ = {isa = PBXFileReference; fileEncoding = 4; lastKnownFileType = sourcecode.swift; path = ContentViewModel.swift; sourceTree = "<group>"; };
		FA62C46B2B1D026300C6A177 /* LocalSearchService.swift */ = {isa = PBXFileReference; fileEncoding = 4; lastKnownFileType = sourcecode.swift; path = LocalSearchService.swift; sourceTree = "<group>"; };
		FA62C46C2B1D026300C6A177 /* AppleLocalSearchApp.swift */ = {isa = PBXFileReference; fileEncoding = 4; lastKnownFileType = sourcecode.swift; path = AppleLocalSearchApp.swift; sourceTree = "<group>"; };
		FA62C4702B1D1D8C00C6A177 /* SearchLocationsScreen.swift */ = {isa = PBXFileReference; lastKnownFileType = sourcecode.swift; path = SearchLocationsScreen.swift; sourceTree = "<group>"; };
		FA70188C2B1BBA9C00CE750A /* EditUserProfile.swift */ = {isa = PBXFileReference; lastKnownFileType = sourcecode.swift; path = EditUserProfile.swift; sourceTree = "<group>"; };
		FA70188E2B1BDC6F00CE750A /* PaymentScreen.swift */ = {isa = PBXFileReference; lastKnownFileType = sourcecode.swift; path = PaymentScreen.swift; sourceTree = "<group>"; };
		FA8F79CD2AFE3D8B001DBF72 /* UserDefaults.swift */ = {isa = PBXFileReference; lastKnownFileType = sourcecode.swift; path = UserDefaults.swift; sourceTree = "<group>"; };
/* End PBXFileReference section */

/* Begin PBXFrameworksBuildPhase section */
		0023BE0D2ACF45DA00122C37 /* Frameworks */ = {
			isa = PBXFrameworksBuildPhase;
			buildActionMask = 2147483647;
			files = (
				FA8F79FA2AFF9926001DBF72 /* FirebaseMessaging in Frameworks */,
				FA8F79D82AFF9926001DBF72 /* FirebaseAppCheck in Frameworks */,
				0023BE382ACF474B00122C37 /* FirebaseDatabase in Frameworks */,
				1E2749E52AFA54A600A9EA59 /* StarRating in Frameworks */,
				FA8F79FC2AFF9926001DBF72 /* FirebasePerformance in Frameworks */,
				0023BE3E2ACF474B00122C37 /* FirebaseFirestore in Frameworks */,
				FA8F79D42AFF9926001DBF72 /* FirebaseAnalyticsSwift in Frameworks */,
				0023BE2A2ACF474B00122C37 /* FirebaseAnalyticsSwift in Frameworks */,
				FA8F79E22AFF9926001DBF72 /* FirebaseDatabase in Frameworks */,
				FA8F79F02AFF9926001DBF72 /* FirebaseFunctionsCombine-Community in Frameworks */,
				0023BE262ACF474B00122C37 /* FirebaseAnalytics in Frameworks */,
				FA8F79DA2AFF9926001DBF72 /* FirebaseAppDistribution-Beta in Frameworks */,
				FA8F7A002AFF9926001DBF72 /* FirebaseRemoteConfigSwift in Frameworks */,
				FA8F7A022AFF9926001DBF72 /* FirebaseStorage in Frameworks */,
				0023BE282ACF474B00122C37 /* FirebaseAnalyticsOnDeviceConversion in Frameworks */,
				FA8F79D62AFF9926001DBF72 /* FirebaseAnalyticsWithoutAdIdSupport in Frameworks */,
				FA8F79EC2AFF9926001DBF72 /* FirebaseFirestoreSwift in Frameworks */,
				0023BE2E2ACF474B00122C37 /* FirebaseAppCheck in Frameworks */,
				FA8F79D22AFF9926001DBF72 /* FirebaseAnalyticsOnDeviceConversion in Frameworks */,
				FA8F79EA2AFF9926001DBF72 /* FirebaseFirestoreCombine-Community in Frameworks */,
				FA8F7A042AFF9926001DBF72 /* FirebaseStorageCombine-Community in Frameworks */,
				0023BE2C2ACF474B00122C37 /* FirebaseAnalyticsWithoutAdIdSupport in Frameworks */,
				FA8F79E82AFF9926001DBF72 /* FirebaseFirestore in Frameworks */,
				FA8F79D02AFF9926001DBF72 /* FirebaseAnalytics in Frameworks */,
				FA8F79E42AFF9926001DBF72 /* FirebaseDatabaseSwift in Frameworks */,
				0023BE322ACF474B00122C37 /* FirebaseAuth in Frameworks */,
				0023BE362ACF474B00122C37 /* FirebaseCrashlytics in Frameworks */,
				FA8F79F42AFF9926001DBF72 /* FirebaseInAppMessagingSwift-Beta in Frameworks */,
				0023BE3A2ACF474B00122C37 /* FirebaseDatabaseSwift in Frameworks */,
				FA8F79DE2AFF9926001DBF72 /* FirebaseAuthCombine-Community in Frameworks */,
				FA8F79F62AFF9926001DBF72 /* FirebaseInstallations in Frameworks */,
				FA8F79E02AFF9926001DBF72 /* FirebaseCrashlytics in Frameworks */,
				FA8F79FE2AFF9926001DBF72 /* FirebaseRemoteConfig in Frameworks */,
				FA8F79F82AFF9926001DBF72 /* FirebaseMLModelDownloader in Frameworks */,
				0023BE302ACF474B00122C37 /* FirebaseAppDistribution-Beta in Frameworks */,
				0023BE342ACF474B00122C37 /* FirebaseAuthCombine-Community in Frameworks */,
				FA8F79F22AFF9926001DBF72 /* FirebaseInAppMessaging-Beta in Frameworks */,
				FA8F79DC2AFF9926001DBF72 /* FirebaseAuth in Frameworks */,
				FA8F79EE2AFF9926001DBF72 /* FirebaseFunctions in Frameworks */,
				0023BE3C2ACF474B00122C37 /* FirebaseDynamicLinks in Frameworks */,
				FA8F79E62AFF9926001DBF72 /* FirebaseDynamicLinks in Frameworks */,
			);
			runOnlyForDeploymentPostprocessing = 0;
		};
/* End PBXFrameworksBuildPhase section */

/* Begin PBXGroup section */
		0023BE072ACF45DA00122C37 = {
			isa = PBXGroup;
			children = (
				0023BE122ACF45DA00122C37 /* SmartTravel 1 */,
				0023BE112ACF45DA00122C37 /* Products */,
			);
			sourceTree = "<group>";
		};
		0023BE112ACF45DA00122C37 /* Products */ = {
			isa = PBXGroup;
			children = (
				0023BE102ACF45DA00122C37 /* SmartTravel 1.app */,
			);
			name = Products;
			sourceTree = "<group>";
		};
		0023BE122ACF45DA00122C37 /* SmartTravel 1 */ = {
			isa = PBXGroup;
			children = (
				0023BE222ACF46EC00122C37 /* GoogleService-Info.plist */,
				0023BE212ACF45FC00122C37 /* Screens */,
				0023BE132ACF45DA00122C37 /* SmartTravel_1App.swift */,
				0023BE152ACF45DA00122C37 /* ContentView.swift */,
				0023BE172ACF45DD00122C37 /* Assets.xcassets */,
				0023BE192ACF45DD00122C37 /* Preview Content */,
			);
			path = "SmartTravel 1";
			sourceTree = "<group>";
		};
		0023BE192ACF45DD00122C37 /* Preview Content */ = {
			isa = PBXGroup;
			children = (
				0023BE1A2ACF45DD00122C37 /* Preview Assets.xcassets */,
			);
			path = "Preview Content";
			sourceTree = "<group>";
		};
		0023BE212ACF45FC00122C37 /* Screens */ = {
			isa = PBXGroup;
			children = (
				FA62C4692B1D024800C6A177 /* MapManager */,
				1E2749E02AFA542D00A9EA59 /* ReviewStars */,
				1E2749DD2AFA50FD00A9EA59 /* Extension */,
				1EC753BE2AFA1D5C00BA7950 /* FirebaseManager */,
				1EC7535C2AFA09C400BA7950 /* SideMenu */,
				1E3805EC2AF8E9320083325A /* LocationManager */,
				0023BE3F2ACF485900122C37 /* SignInScreen.swift */,
				0023BE412ACF489E00122C37 /* SignUpScreen.swift */,
				0023BE432ACF493800122C37 /* MainScreen.swift */,
				0023BE452ACF4E8500122C37 /* AuthViewModel.swift */,
				DA4BF6132AD3120500B0D3CC /* HomeScreen.swift */,
				DAFBDCB52ADC8B0300148DDC /* DetailsScreen.swift */,
				DAFBDCB32ADC63A000148DDC /* UserProfile.swift */,
				FA70188C2B1BBA9C00CE750A /* EditUserProfile.swift */,
				DAFB472D2AF34ECD00E7D8E8 /* SplashScreenView.swift */,
				FA466A242B0D505F00F19C9D /* UserMapView.swift */,
				FA70188E2B1BDC6F00CE750A /* PaymentScreen.swift */,
				FA62C4702B1D1D8C00C6A177 /* SearchLocationsScreen.swift */,
			);
			path = Screens;
			sourceTree = "<group>";
		};
		1E2749DD2AFA50FD00A9EA59 /* Extension */ = {
			isa = PBXGroup;
			children = (
				1E2749DE2AFA510700A9EA59 /* Extension.swift */,
				FA8F79CD2AFE3D8B001DBF72 /* UserDefaults.swift */,
			);
			path = Extension;
			sourceTree = "<group>";
		};
		1E2749E02AFA542D00A9EA59 /* ReviewStars */ = {
			isa = PBXGroup;
			children = (
				1E887A5F2AFA67B500AD922F /* GiveFeedbackAndReview.swift */,
			);
			path = ReviewStars;
			sourceTree = "<group>";
		};
		1E3805EC2AF8E9320083325A /* LocationManager */ = {
			isa = PBXGroup;
			children = (
				1E3805ED2AF8E93D0083325A /* LocationManager.swift */,
			);
			path = LocationManager;
			sourceTree = "<group>";
		};
		1E887A612AFA7AA800AD922F /* ReviewListingView */ = {
			isa = PBXGroup;
			children = (
				1E887A622AFA7AD800AD922F /* ReviewListingView.swift */,
			);
			path = ReviewListingView;
			sourceTree = "<group>";
		};
		1EC7535C2AFA09C400BA7950 /* SideMenu */ = {
			isa = PBXGroup;
			children = (
				1E887A612AFA7AA800AD922F /* ReviewListingView */,
				1EC753B92AFA13A200BA7950 /* MainTabbedView */,
				1EC753B62AFA134E00BA7950 /* HomeVieww */,
				1EC753662AFA0AD500BA7950 /* SideM */,
				1EC753652AFA0A1B00BA7950 /* FavouritesListingView */,
				1EC753622AFA09FA00BA7950 /* NotificationListingView */,
				1EC7535F2AFA09E700BA7950 /* OrderListingView */,
			);
			path = SideMenu;
			sourceTree = "<group>";
		};
		1EC7535F2AFA09E700BA7950 /* OrderListingView */ = {
			isa = PBXGroup;
			children = (
				1EC753602AFA09F500BA7950 /* OrderListingView.swift */,
			);
			path = OrderListingView;
			sourceTree = "<group>";
		};
		1EC753622AFA09FA00BA7950 /* NotificationListingView */ = {
			isa = PBXGroup;
			children = (
				1EC753632AFA0A0700BA7950 /* NotificationListingView.swift */,
			);
			path = NotificationListingView;
			sourceTree = "<group>";
		};
		1EC753652AFA0A1B00BA7950 /* FavouritesListingView */ = {
			isa = PBXGroup;
			children = (
				1EC7535D2AFA09E200BA7950 /* FavouritesListingView.swift */,
			);
			path = FavouritesListingView;
			sourceTree = "<group>";
		};
		1EC753662AFA0AD500BA7950 /* SideM */ = {
			isa = PBXGroup;
			children = (
				1EC753672AFA0AE100BA7950 /* SideMenuView.swift */,
				1EC753B32AFA12FC00BA7950 /* SideMenu.swift */,
			);
			path = SideM;
			sourceTree = "<group>";
		};
		1EC753B62AFA134E00BA7950 /* HomeVieww */ = {
			isa = PBXGroup;
			children = (
				1EC753B72AFA135A00BA7950 /* HomeVieww.swift */,
			);
			path = HomeVieww;
			sourceTree = "<group>";
		};
		1EC753B92AFA13A200BA7950 /* MainTabbedView */ = {
			isa = PBXGroup;
			children = (
				1EC753BA2AFA13AB00BA7950 /* MainTabbedView.swift */,
			);
			path = MainTabbedView;
			sourceTree = "<group>";
		};
		1EC753BE2AFA1D5C00BA7950 /* FirebaseManager */ = {
			isa = PBXGroup;
			children = (
				1EC753BF2AFA1DAA00BA7950 /* FirebaseManager.swift */,
			);
			path = FirebaseManager;
			sourceTree = "<group>";
		};
		FA62C4692B1D024800C6A177 /* MapManager */ = {
			isa = PBXGroup;
			children = (
				FA62C46C2B1D026300C6A177 /* AppleLocalSearchApp.swift */,
				FA62C46A2B1D026300C6A177 /* ContentViewModel.swift */,
				FA62C46B2B1D026300C6A177 /* LocalSearchService.swift */,
			);
			path = MapManager;
			sourceTree = "<group>";
		};
/* End PBXGroup section */

/* Begin PBXNativeTarget section */
		0023BE0F2ACF45DA00122C37 /* SmartTravel 1 */ = {
			isa = PBXNativeTarget;
			buildConfigurationList = 0023BE1E2ACF45DD00122C37 /* Build configuration list for PBXNativeTarget "SmartTravel 1" */;
			buildPhases = (
				0023BE0C2ACF45DA00122C37 /* Sources */,
				0023BE0D2ACF45DA00122C37 /* Frameworks */,
				0023BE0E2ACF45DA00122C37 /* Resources */,
			);
			buildRules = (
			);
			dependencies = (
			);
			name = "SmartTravel 1";
			packageProductDependencies = (
				0023BE252ACF474B00122C37 /* FirebaseAnalytics */,
				0023BE272ACF474B00122C37 /* FirebaseAnalyticsOnDeviceConversion */,
				0023BE292ACF474B00122C37 /* FirebaseAnalyticsSwift */,
				0023BE2B2ACF474B00122C37 /* FirebaseAnalyticsWithoutAdIdSupport */,
				0023BE2D2ACF474B00122C37 /* FirebaseAppCheck */,
				0023BE2F2ACF474B00122C37 /* FirebaseAppDistribution-Beta */,
				0023BE312ACF474B00122C37 /* FirebaseAuth */,
				0023BE332ACF474B00122C37 /* FirebaseAuthCombine-Community */,
				0023BE352ACF474B00122C37 /* FirebaseCrashlytics */,
				0023BE372ACF474B00122C37 /* FirebaseDatabase */,
				0023BE392ACF474B00122C37 /* FirebaseDatabaseSwift */,
				0023BE3B2ACF474B00122C37 /* FirebaseDynamicLinks */,
				0023BE3D2ACF474B00122C37 /* FirebaseFirestore */,
				1E2749E42AFA54A600A9EA59 /* StarRating */,
				FA8F79CF2AFF9926001DBF72 /* FirebaseAnalytics */,
				FA8F79D12AFF9926001DBF72 /* FirebaseAnalyticsOnDeviceConversion */,
				FA8F79D32AFF9926001DBF72 /* FirebaseAnalyticsSwift */,
				FA8F79D52AFF9926001DBF72 /* FirebaseAnalyticsWithoutAdIdSupport */,
				FA8F79D72AFF9926001DBF72 /* FirebaseAppCheck */,
				FA8F79D92AFF9926001DBF72 /* FirebaseAppDistribution-Beta */,
				FA8F79DB2AFF9926001DBF72 /* FirebaseAuth */,
				FA8F79DD2AFF9926001DBF72 /* FirebaseAuthCombine-Community */,
				FA8F79DF2AFF9926001DBF72 /* FirebaseCrashlytics */,
				FA8F79E12AFF9926001DBF72 /* FirebaseDatabase */,
				FA8F79E32AFF9926001DBF72 /* FirebaseDatabaseSwift */,
				FA8F79E52AFF9926001DBF72 /* FirebaseDynamicLinks */,
				FA8F79E72AFF9926001DBF72 /* FirebaseFirestore */,
				FA8F79E92AFF9926001DBF72 /* FirebaseFirestoreCombine-Community */,
				FA8F79EB2AFF9926001DBF72 /* FirebaseFirestoreSwift */,
				FA8F79ED2AFF9926001DBF72 /* FirebaseFunctions */,
				FA8F79EF2AFF9926001DBF72 /* FirebaseFunctionsCombine-Community */,
				FA8F79F12AFF9926001DBF72 /* FirebaseInAppMessaging-Beta */,
				FA8F79F32AFF9926001DBF72 /* FirebaseInAppMessagingSwift-Beta */,
				FA8F79F52AFF9926001DBF72 /* FirebaseInstallations */,
				FA8F79F72AFF9926001DBF72 /* FirebaseMLModelDownloader */,
				FA8F79F92AFF9926001DBF72 /* FirebaseMessaging */,
				FA8F79FB2AFF9926001DBF72 /* FirebasePerformance */,
				FA8F79FD2AFF9926001DBF72 /* FirebaseRemoteConfig */,
				FA8F79FF2AFF9926001DBF72 /* FirebaseRemoteConfigSwift */,
				FA8F7A012AFF9926001DBF72 /* FirebaseStorage */,
				FA8F7A032AFF9926001DBF72 /* FirebaseStorageCombine-Community */,
			);
			productName = "SmartTravel 1";
			productReference = 0023BE102ACF45DA00122C37 /* SmartTravel 1.app */;
			productType = "com.apple.product-type.application";
		};
/* End PBXNativeTarget section */

/* Begin PBXProject section */
		0023BE082ACF45DA00122C37 /* Project object */ = {
			isa = PBXProject;
			attributes = {
				BuildIndependentTargetsInParallel = 1;
				LastSwiftUpdateCheck = 1500;
				LastUpgradeCheck = 1500;
				TargetAttributes = {
					0023BE0F2ACF45DA00122C37 = {
						CreatedOnToolsVersion = 15.0;
					};
				};
			};
			buildConfigurationList = 0023BE0B2ACF45DA00122C37 /* Build configuration list for PBXProject "SmartTravel 1" */;
			compatibilityVersion = "Xcode 14.0";
			developmentRegion = en;
			hasScannedForEncodings = 0;
			knownRegions = (
				en,
				Base,
			);
			mainGroup = 0023BE072ACF45DA00122C37;
			packageReferences = (
				0023BE242ACF474B00122C37 /* XCRemoteSwiftPackageReference "firebase-ios-sdk" */,
				1E2749E32AFA54A600A9EA59 /* XCRemoteSwiftPackageReference "StarRating" */,
			);
			productRefGroup = 0023BE112ACF45DA00122C37 /* Products */;
			projectDirPath = "";
			projectRoot = "";
			targets = (
				0023BE0F2ACF45DA00122C37 /* SmartTravel 1 */,
			);
		};
/* End PBXProject section */

/* Begin PBXResourcesBuildPhase section */
		0023BE0E2ACF45DA00122C37 /* Resources */ = {
			isa = PBXResourcesBuildPhase;
			buildActionMask = 2147483647;
			files = (
				0023BE1B2ACF45DD00122C37 /* Preview Assets.xcassets in Resources */,
				0023BE182ACF45DD00122C37 /* Assets.xcassets in Resources */,
				0023BE232ACF46EC00122C37 /* GoogleService-Info.plist in Resources */,
			);
			runOnlyForDeploymentPostprocessing = 0;
		};
/* End PBXResourcesBuildPhase section */

/* Begin PBXSourcesBuildPhase section */
		0023BE0C2ACF45DA00122C37 /* Sources */ = {
			isa = PBXSourcesBuildPhase;
			buildActionMask = 2147483647;
			files = (
				FA70188D2B1BBA9C00CE750A /* EditUserProfile.swift in Sources */,
				0023BE162ACF45DA00122C37 /* ContentView.swift in Sources */,
				DAFBDCB62ADC8B0300148DDC /* DetailsScreen.swift in Sources */,
				0023BE142ACF45DA00122C37 /* SmartTravel_1App.swift in Sources */,
				1EC753B42AFA12FC00BA7950 /* SideMenu.swift in Sources */,
				FA62C46D2B1D026300C6A177 /* ContentViewModel.swift in Sources */,
				1E887A632AFA7AD800AD922F /* ReviewListingView.swift in Sources */,
				1E3805EE2AF8E93D0083325A /* LocationManager.swift in Sources */,
				1EC753642AFA0A0700BA7950 /* NotificationListingView.swift in Sources */,
				DA4BF6142AD3120500B0D3CC /* HomeScreen.swift in Sources */,
				0023BE462ACF4E8500122C37 /* AuthViewModel.swift in Sources */,
				1EC753612AFA09F500BA7950 /* OrderListingView.swift in Sources */,
				1EC753C02AFA1DAA00BA7950 /* FirebaseManager.swift in Sources */,
				DAFBDCB42ADC63A100148DDC /* UserProfile.swift in Sources */,
				FA466A252B0D505F00F19C9D /* UserMapView.swift in Sources */,
				1EC7535E2AFA09E200BA7950 /* FavouritesListingView.swift in Sources */,
				FA62C46F2B1D026300C6A177 /* AppleLocalSearchApp.swift in Sources */,
				0023BE442ACF493800122C37 /* MainScreen.swift in Sources */,
				FA62C4712B1D1D8C00C6A177 /* SearchLocationsScreen.swift in Sources */,
				FA8F79CE2AFE3D8B001DBF72 /* UserDefaults.swift in Sources */,
				DAFB472E2AF34ECD00E7D8E8 /* SplashScreenView.swift in Sources */,
				1EC753B82AFA135A00BA7950 /* HomeVieww.swift in Sources */,
				1E2749DF2AFA510700A9EA59 /* Extension.swift in Sources */,
				1EC753682AFA0AE100BA7950 /* SideMenuView.swift in Sources */,
				0023BE402ACF485900122C37 /* SignInScreen.swift in Sources */,
				0023BE422ACF489E00122C37 /* SignUpScreen.swift in Sources */,
				1EC753BB2AFA13AB00BA7950 /* MainTabbedView.swift in Sources */,
				FA62C46E2B1D026300C6A177 /* LocalSearchService.swift in Sources */,
				FA70188F2B1BDC6F00CE750A /* PaymentScreen.swift in Sources */,
				1E887A602AFA67B500AD922F /* GiveFeedbackAndReview.swift in Sources */,
			);
			runOnlyForDeploymentPostprocessing = 0;
		};
/* End PBXSourcesBuildPhase section */

/* Begin XCBuildConfiguration section */
		0023BE1C2ACF45DD00122C37 /* Debug */ = {
			isa = XCBuildConfiguration;
			buildSettings = {
				ALWAYS_SEARCH_USER_PATHS = NO;
				ASSETCATALOG_COMPILER_GENERATE_SWIFT_ASSET_SYMBOL_EXTENSIONS = YES;
				CLANG_ANALYZER_NONNULL = YES;
				CLANG_ANALYZER_NUMBER_OBJECT_CONVERSION = YES_AGGRESSIVE;
				CLANG_CXX_LANGUAGE_STANDARD = "gnu++20";
				CLANG_ENABLE_MODULES = YES;
				CLANG_ENABLE_OBJC_ARC = YES;
				CLANG_ENABLE_OBJC_WEAK = YES;
				CLANG_WARN_BLOCK_CAPTURE_AUTORELEASING = YES;
				CLANG_WARN_BOOL_CONVERSION = YES;
				CLANG_WARN_COMMA = YES;
				CLANG_WARN_CONSTANT_CONVERSION = YES;
				CLANG_WARN_DEPRECATED_OBJC_IMPLEMENTATIONS = YES;
				CLANG_WARN_DIRECT_OBJC_ISA_USAGE = YES_ERROR;
				CLANG_WARN_DOCUMENTATION_COMMENTS = YES;
				CLANG_WARN_EMPTY_BODY = YES;
				CLANG_WARN_ENUM_CONVERSION = YES;
				CLANG_WARN_INFINITE_RECURSION = YES;
				CLANG_WARN_INT_CONVERSION = YES;
				CLANG_WARN_NON_LITERAL_NULL_CONVERSION = YES;
				CLANG_WARN_OBJC_IMPLICIT_RETAIN_SELF = YES;
				CLANG_WARN_OBJC_LITERAL_CONVERSION = YES;
				CLANG_WARN_OBJC_ROOT_CLASS = YES_ERROR;
				CLANG_WARN_QUOTED_INCLUDE_IN_FRAMEWORK_HEADER = YES;
				CLANG_WARN_RANGE_LOOP_ANALYSIS = YES;
				CLANG_WARN_STRICT_PROTOTYPES = YES;
				CLANG_WARN_SUSPICIOUS_MOVE = YES;
				CLANG_WARN_UNGUARDED_AVAILABILITY = YES_AGGRESSIVE;
				CLANG_WARN_UNREACHABLE_CODE = YES;
				CLANG_WARN__DUPLICATE_METHOD_MATCH = YES;
				COPY_PHASE_STRIP = NO;
				DEBUG_INFORMATION_FORMAT = dwarf;
				ENABLE_STRICT_OBJC_MSGSEND = YES;
				ENABLE_TESTABILITY = YES;
				ENABLE_USER_SCRIPT_SANDBOXING = YES;
				GCC_C_LANGUAGE_STANDARD = gnu17;
				GCC_DYNAMIC_NO_PIC = NO;
				GCC_NO_COMMON_BLOCKS = YES;
				GCC_OPTIMIZATION_LEVEL = 0;
				GCC_PREPROCESSOR_DEFINITIONS = (
					"DEBUG=1",
					"$(inherited)",
				);
				GCC_WARN_64_TO_32_BIT_CONVERSION = YES;
				GCC_WARN_ABOUT_RETURN_TYPE = YES_ERROR;
				GCC_WARN_UNDECLARED_SELECTOR = YES;
				GCC_WARN_UNINITIALIZED_AUTOS = YES_AGGRESSIVE;
				GCC_WARN_UNUSED_FUNCTION = YES;
				GCC_WARN_UNUSED_VARIABLE = YES;
				IPHONEOS_DEPLOYMENT_TARGET = 17.0;
				LOCALIZATION_PREFERS_STRING_CATALOGS = YES;
				MTL_ENABLE_DEBUG_INFO = INCLUDE_SOURCE;
				MTL_FAST_MATH = YES;
				ONLY_ACTIVE_ARCH = YES;
				SDKROOT = iphoneos;
				SWIFT_ACTIVE_COMPILATION_CONDITIONS = "DEBUG $(inherited)";
				SWIFT_OPTIMIZATION_LEVEL = "-Onone";
			};
			name = Debug;
		};
		0023BE1D2ACF45DD00122C37 /* Release */ = {
			isa = XCBuildConfiguration;
			buildSettings = {
				ALWAYS_SEARCH_USER_PATHS = NO;
				ASSETCATALOG_COMPILER_GENERATE_SWIFT_ASSET_SYMBOL_EXTENSIONS = YES;
				CLANG_ANALYZER_NONNULL = YES;
				CLANG_ANALYZER_NUMBER_OBJECT_CONVERSION = YES_AGGRESSIVE;
				CLANG_CXX_LANGUAGE_STANDARD = "gnu++20";
				CLANG_ENABLE_MODULES = YES;
				CLANG_ENABLE_OBJC_ARC = YES;
				CLANG_ENABLE_OBJC_WEAK = YES;
				CLANG_WARN_BLOCK_CAPTURE_AUTORELEASING = YES;
				CLANG_WARN_BOOL_CONVERSION = YES;
				CLANG_WARN_COMMA = YES;
				CLANG_WARN_CONSTANT_CONVERSION = YES;
				CLANG_WARN_DEPRECATED_OBJC_IMPLEMENTATIONS = YES;
				CLANG_WARN_DIRECT_OBJC_ISA_USAGE = YES_ERROR;
				CLANG_WARN_DOCUMENTATION_COMMENTS = YES;
				CLANG_WARN_EMPTY_BODY = YES;
				CLANG_WARN_ENUM_CONVERSION = YES;
				CLANG_WARN_INFINITE_RECURSION = YES;
				CLANG_WARN_INT_CONVERSION = YES;
				CLANG_WARN_NON_LITERAL_NULL_CONVERSION = YES;
				CLANG_WARN_OBJC_IMPLICIT_RETAIN_SELF = YES;
				CLANG_WARN_OBJC_LITERAL_CONVERSION = YES;
				CLANG_WARN_OBJC_ROOT_CLASS = YES_ERROR;
				CLANG_WARN_QUOTED_INCLUDE_IN_FRAMEWORK_HEADER = YES;
				CLANG_WARN_RANGE_LOOP_ANALYSIS = YES;
				CLANG_WARN_STRICT_PROTOTYPES = YES;
				CLANG_WARN_SUSPICIOUS_MOVE = YES;
				CLANG_WARN_UNGUARDED_AVAILABILITY = YES_AGGRESSIVE;
				CLANG_WARN_UNREACHABLE_CODE = YES;
				CLANG_WARN__DUPLICATE_METHOD_MATCH = YES;
				COPY_PHASE_STRIP = NO;
				DEBUG_INFORMATION_FORMAT = "dwarf-with-dsym";
				ENABLE_NS_ASSERTIONS = NO;
				ENABLE_STRICT_OBJC_MSGSEND = YES;
				ENABLE_USER_SCRIPT_SANDBOXING = YES;
				GCC_C_LANGUAGE_STANDARD = gnu17;
				GCC_NO_COMMON_BLOCKS = YES;
				GCC_WARN_64_TO_32_BIT_CONVERSION = YES;
				GCC_WARN_ABOUT_RETURN_TYPE = YES_ERROR;
				GCC_WARN_UNDECLARED_SELECTOR = YES;
				GCC_WARN_UNINITIALIZED_AUTOS = YES_AGGRESSIVE;
				GCC_WARN_UNUSED_FUNCTION = YES;
				GCC_WARN_UNUSED_VARIABLE = YES;
				IPHONEOS_DEPLOYMENT_TARGET = 17.0;
				LOCALIZATION_PREFERS_STRING_CATALOGS = YES;
				MTL_ENABLE_DEBUG_INFO = NO;
				MTL_FAST_MATH = YES;
				SDKROOT = iphoneos;
				SWIFT_COMPILATION_MODE = wholemodule;
				VALIDATE_PRODUCT = YES;
			};
			name = Release;
		};
		0023BE1F2ACF45DD00122C37 /* Debug */ = {
			isa = XCBuildConfiguration;
			buildSettings = {
				ASSETCATALOG_COMPILER_APPICON_NAME = AppIcon;
				ASSETCATALOG_COMPILER_GLOBAL_ACCENT_COLOR_NAME = AccentColor;
				CODE_SIGN_STYLE = Automatic;
				CURRENT_PROJECT_VERSION = 1;
				DEVELOPMENT_ASSET_PATHS = "\"SmartTravel 1/Preview Content\"";
				DEVELOPMENT_TEAM = 33UH824G78;
				ENABLE_PREVIEWS = YES;
				GENERATE_INFOPLIST_FILE = YES;
				INFOPLIST_KEY_NSLocationAlwaysUsageDescription = "This app needs to display user current location";
				INFOPLIST_KEY_NSLocationWhenInUseUsageDescription = "This app needs to display user current location";
				INFOPLIST_KEY_UIApplicationSceneManifest_Generation = YES;
				INFOPLIST_KEY_UIApplicationSupportsIndirectInputEvents = YES;
				INFOPLIST_KEY_UILaunchScreen_Generation = YES;
				INFOPLIST_KEY_UISupportedInterfaceOrientations_iPad = "UIInterfaceOrientationPortrait UIInterfaceOrientationPortraitUpsideDown UIInterfaceOrientationLandscapeLeft UIInterfaceOrientationLandscapeRight";
				INFOPLIST_KEY_UISupportedInterfaceOrientations_iPhone = "UIInterfaceOrientationPortrait UIInterfaceOrientationLandscapeLeft UIInterfaceOrientationLandscapeRight";
				IPHONEOS_DEPLOYMENT_TARGET = 17.0;
				LD_RUNPATH_SEARCH_PATHS = (
					"$(inherited)",
					"@executable_path/Frameworks",
				);
				MARKETING_VERSION = 1.0;
				PRODUCT_BUNDLE_IDENTIFIER = "com.Megh.SmartTravel-1";
				PRODUCT_NAME = "$(TARGET_NAME)";
				SWIFT_EMIT_LOC_STRINGS = YES;
				SWIFT_VERSION = 5.0;
				TARGETED_DEVICE_FAMILY = "1,2";
			};
			name = Debug;
		};
		0023BE202ACF45DD00122C37 /* Release */ = {
			isa = XCBuildConfiguration;
			buildSettings = {
				ASSETCATALOG_COMPILER_APPICON_NAME = AppIcon;
				ASSETCATALOG_COMPILER_GLOBAL_ACCENT_COLOR_NAME = AccentColor;
				CODE_SIGN_STYLE = Automatic;
				CURRENT_PROJECT_VERSION = 1;
				DEVELOPMENT_ASSET_PATHS = "\"SmartTravel 1/Preview Content\"";
				DEVELOPMENT_TEAM = 33UH824G78;
				ENABLE_PREVIEWS = YES;
				GENERATE_INFOPLIST_FILE = YES;
				INFOPLIST_KEY_NSLocationAlwaysUsageDescription = "This app needs to display user current location";
				INFOPLIST_KEY_NSLocationWhenInUseUsageDescription = "This app needs to display user current location";
				INFOPLIST_KEY_UIApplicationSceneManifest_Generation = YES;
				INFOPLIST_KEY_UIApplicationSupportsIndirectInputEvents = YES;
				INFOPLIST_KEY_UILaunchScreen_Generation = YES;
				INFOPLIST_KEY_UISupportedInterfaceOrientations_iPad = "UIInterfaceOrientationPortrait UIInterfaceOrientationPortraitUpsideDown UIInterfaceOrientationLandscapeLeft UIInterfaceOrientationLandscapeRight";
				INFOPLIST_KEY_UISupportedInterfaceOrientations_iPhone = "UIInterfaceOrientationPortrait UIInterfaceOrientationLandscapeLeft UIInterfaceOrientationLandscapeRight";
				IPHONEOS_DEPLOYMENT_TARGET = 17.0;
				LD_RUNPATH_SEARCH_PATHS = (
					"$(inherited)",
					"@executable_path/Frameworks",
				);
				MARKETING_VERSION = 1.0;
				PRODUCT_BUNDLE_IDENTIFIER = "com.Megh.SmartTravel-1";
				PRODUCT_NAME = "$(TARGET_NAME)";
				SWIFT_EMIT_LOC_STRINGS = YES;
				SWIFT_VERSION = 5.0;
				TARGETED_DEVICE_FAMILY = "1,2";
			};
			name = Release;
		};
/* End XCBuildConfiguration section */

/* Begin XCConfigurationList section */
		0023BE0B2ACF45DA00122C37 /* Build configuration list for PBXProject "SmartTravel 1" */ = {
			isa = XCConfigurationList;
			buildConfigurations = (
				0023BE1C2ACF45DD00122C37 /* Debug */,
				0023BE1D2ACF45DD00122C37 /* Release */,
			);
			defaultConfigurationIsVisible = 0;
			defaultConfigurationName = Release;
		};
		0023BE1E2ACF45DD00122C37 /* Build configuration list for PBXNativeTarget "SmartTravel 1" */ = {
			isa = XCConfigurationList;
			buildConfigurations = (
				0023BE1F2ACF45DD00122C37 /* Debug */,
				0023BE202ACF45DD00122C37 /* Release */,
			);
			defaultConfigurationIsVisible = 0;
			defaultConfigurationName = Release;
		};
/* End XCConfigurationList section */

/* Begin XCRemoteSwiftPackageReference section */
		0023BE242ACF474B00122C37 /* XCRemoteSwiftPackageReference "firebase-ios-sdk" */ = {
			isa = XCRemoteSwiftPackageReference;
			repositoryURL = "https://github.com/firebase/firebase-ios-sdk";
			requirement = {
				kind = upToNextMajorVersion;
				minimumVersion = 10.16.0;
			};
		};
		1E2749E32AFA54A600A9EA59 /* XCRemoteSwiftPackageReference "StarRating" */ = {
			isa = XCRemoteSwiftPackageReference;
			repositoryURL = "https://github.com/dkk/StarRating";
			requirement = {
				kind = upToNextMajorVersion;
				minimumVersion = 2.0.0;
			};
		};
/* End XCRemoteSwiftPackageReference section */

/* Begin XCSwiftPackageProductDependency section */
		0023BE252ACF474B00122C37 /* FirebaseAnalytics */ = {
			isa = XCSwiftPackageProductDependency;
			package = 0023BE242ACF474B00122C37 /* XCRemoteSwiftPackageReference "firebase-ios-sdk" */;
			productName = FirebaseAnalytics;
		};
		0023BE272ACF474B00122C37 /* FirebaseAnalyticsOnDeviceConversion */ = {
			isa = XCSwiftPackageProductDependency;
			package = 0023BE242ACF474B00122C37 /* XCRemoteSwiftPackageReference "firebase-ios-sdk" */;
			productName = FirebaseAnalyticsOnDeviceConversion;
		};
		0023BE292ACF474B00122C37 /* FirebaseAnalyticsSwift */ = {
			isa = XCSwiftPackageProductDependency;
			package = 0023BE242ACF474B00122C37 /* XCRemoteSwiftPackageReference "firebase-ios-sdk" */;
			productName = FirebaseAnalyticsSwift;
		};
		0023BE2B2ACF474B00122C37 /* FirebaseAnalyticsWithoutAdIdSupport */ = {
			isa = XCSwiftPackageProductDependency;
			package = 0023BE242ACF474B00122C37 /* XCRemoteSwiftPackageReference "firebase-ios-sdk" */;
			productName = FirebaseAnalyticsWithoutAdIdSupport;
		};
		0023BE2D2ACF474B00122C37 /* FirebaseAppCheck */ = {
			isa = XCSwiftPackageProductDependency;
			package = 0023BE242ACF474B00122C37 /* XCRemoteSwiftPackageReference "firebase-ios-sdk" */;
			productName = FirebaseAppCheck;
		};
		0023BE2F2ACF474B00122C37 /* FirebaseAppDistribution-Beta */ = {
			isa = XCSwiftPackageProductDependency;
			package = 0023BE242ACF474B00122C37 /* XCRemoteSwiftPackageReference "firebase-ios-sdk" */;
			productName = "FirebaseAppDistribution-Beta";
		};
		0023BE312ACF474B00122C37 /* FirebaseAuth */ = {
			isa = XCSwiftPackageProductDependency;
			package = 0023BE242ACF474B00122C37 /* XCRemoteSwiftPackageReference "firebase-ios-sdk" */;
			productName = FirebaseAuth;
		};
		0023BE332ACF474B00122C37 /* FirebaseAuthCombine-Community */ = {
			isa = XCSwiftPackageProductDependency;
			package = 0023BE242ACF474B00122C37 /* XCRemoteSwiftPackageReference "firebase-ios-sdk" */;
			productName = "FirebaseAuthCombine-Community";
		};
		0023BE352ACF474B00122C37 /* FirebaseCrashlytics */ = {
			isa = XCSwiftPackageProductDependency;
			package = 0023BE242ACF474B00122C37 /* XCRemoteSwiftPackageReference "firebase-ios-sdk" */;
			productName = FirebaseCrashlytics;
		};
		0023BE372ACF474B00122C37 /* FirebaseDatabase */ = {
			isa = XCSwiftPackageProductDependency;
			package = 0023BE242ACF474B00122C37 /* XCRemoteSwiftPackageReference "firebase-ios-sdk" */;
			productName = FirebaseDatabase;
		};
		0023BE392ACF474B00122C37 /* FirebaseDatabaseSwift */ = {
			isa = XCSwiftPackageProductDependency;
			package = 0023BE242ACF474B00122C37 /* XCRemoteSwiftPackageReference "firebase-ios-sdk" */;
			productName = FirebaseDatabaseSwift;
		};
		0023BE3B2ACF474B00122C37 /* FirebaseDynamicLinks */ = {
			isa = XCSwiftPackageProductDependency;
			package = 0023BE242ACF474B00122C37 /* XCRemoteSwiftPackageReference "firebase-ios-sdk" */;
			productName = FirebaseDynamicLinks;
		};
		0023BE3D2ACF474B00122C37 /* FirebaseFirestore */ = {
			isa = XCSwiftPackageProductDependency;
			package = 0023BE242ACF474B00122C37 /* XCRemoteSwiftPackageReference "firebase-ios-sdk" */;
			productName = FirebaseFirestore;
		};
		1E2749E42AFA54A600A9EA59 /* StarRating */ = {
			isa = XCSwiftPackageProductDependency;
			package = 1E2749E32AFA54A600A9EA59 /* XCRemoteSwiftPackageReference "StarRating" */;
			productName = StarRating;
		};
		FA8F79CF2AFF9926001DBF72 /* FirebaseAnalytics */ = {
			isa = XCSwiftPackageProductDependency;
			productName = FirebaseAnalytics;
		};
		FA8F79D12AFF9926001DBF72 /* FirebaseAnalyticsOnDeviceConversion */ = {
			isa = XCSwiftPackageProductDependency;
			productName = FirebaseAnalyticsOnDeviceConversion;
		};
		FA8F79D32AFF9926001DBF72 /* FirebaseAnalyticsSwift */ = {
			isa = XCSwiftPackageProductDependency;
			productName = FirebaseAnalyticsSwift;
		};
		FA8F79D52AFF9926001DBF72 /* FirebaseAnalyticsWithoutAdIdSupport */ = {
			isa = XCSwiftPackageProductDependency;
			productName = FirebaseAnalyticsWithoutAdIdSupport;
		};
		FA8F79D72AFF9926001DBF72 /* FirebaseAppCheck */ = {
			isa = XCSwiftPackageProductDependency;
			productName = FirebaseAppCheck;
		};
		FA8F79D92AFF9926001DBF72 /* FirebaseAppDistribution-Beta */ = {
			isa = XCSwiftPackageProductDependency;
			productName = "FirebaseAppDistribution-Beta";
		};
		FA8F79DB2AFF9926001DBF72 /* FirebaseAuth */ = {
			isa = XCSwiftPackageProductDependency;
			productName = FirebaseAuth;
		};
		FA8F79DD2AFF9926001DBF72 /* FirebaseAuthCombine-Community */ = {
			isa = XCSwiftPackageProductDependency;
			productName = "FirebaseAuthCombine-Community";
		};
		FA8F79DF2AFF9926001DBF72 /* FirebaseCrashlytics */ = {
			isa = XCSwiftPackageProductDependency;
			productName = FirebaseCrashlytics;
		};
		FA8F79E12AFF9926001DBF72 /* FirebaseDatabase */ = {
			isa = XCSwiftPackageProductDependency;
			productName = FirebaseDatabase;
		};
		FA8F79E32AFF9926001DBF72 /* FirebaseDatabaseSwift */ = {
			isa = XCSwiftPackageProductDependency;
			productName = FirebaseDatabaseSwift;
		};
		FA8F79E52AFF9926001DBF72 /* FirebaseDynamicLinks */ = {
			isa = XCSwiftPackageProductDependency;
			productName = FirebaseDynamicLinks;
		};
		FA8F79E72AFF9926001DBF72 /* FirebaseFirestore */ = {
			isa = XCSwiftPackageProductDependency;
			productName = FirebaseFirestore;
		};
		FA8F79E92AFF9926001DBF72 /* FirebaseFirestoreCombine-Community */ = {
			isa = XCSwiftPackageProductDependency;
			productName = "FirebaseFirestoreCombine-Community";
		};
		FA8F79EB2AFF9926001DBF72 /* FirebaseFirestoreSwift */ = {
			isa = XCSwiftPackageProductDependency;
			productName = FirebaseFirestoreSwift;
		};
		FA8F79ED2AFF9926001DBF72 /* FirebaseFunctions */ = {
			isa = XCSwiftPackageProductDependency;
			productName = FirebaseFunctions;
		};
		FA8F79EF2AFF9926001DBF72 /* FirebaseFunctionsCombine-Community */ = {
			isa = XCSwiftPackageProductDependency;
			productName = "FirebaseFunctionsCombine-Community";
		};
		FA8F79F12AFF9926001DBF72 /* FirebaseInAppMessaging-Beta */ = {
			isa = XCSwiftPackageProductDependency;
			productName = "FirebaseInAppMessaging-Beta";
		};
		FA8F79F32AFF9926001DBF72 /* FirebaseInAppMessagingSwift-Beta */ = {
			isa = XCSwiftPackageProductDependency;
			productName = "FirebaseInAppMessagingSwift-Beta";
		};
		FA8F79F52AFF9926001DBF72 /* FirebaseInstallations */ = {
			isa = XCSwiftPackageProductDependency;
			productName = FirebaseInstallations;
		};
		FA8F79F72AFF9926001DBF72 /* FirebaseMLModelDownloader */ = {
			isa = XCSwiftPackageProductDependency;
			productName = FirebaseMLModelDownloader;
		};
		FA8F79F92AFF9926001DBF72 /* FirebaseMessaging */ = {
			isa = XCSwiftPackageProductDependency;
			productName = FirebaseMessaging;
		};
		FA8F79FB2AFF9926001DBF72 /* FirebasePerformance */ = {
			isa = XCSwiftPackageProductDependency;
			productName = FirebasePerformance;
		};
		FA8F79FD2AFF9926001DBF72 /* FirebaseRemoteConfig */ = {
			isa = XCSwiftPackageProductDependency;
			productName = FirebaseRemoteConfig;
		};
		FA8F79FF2AFF9926001DBF72 /* FirebaseRemoteConfigSwift */ = {
			isa = XCSwiftPackageProductDependency;
			productName = FirebaseRemoteConfigSwift;
		};
		FA8F7A012AFF9926001DBF72 /* FirebaseStorage */ = {
			isa = XCSwiftPackageProductDependency;
			productName = FirebaseStorage;
		};
		FA8F7A032AFF9926001DBF72 /* FirebaseStorageCombine-Community */ = {
			isa = XCSwiftPackageProductDependency;
			productName = "FirebaseStorageCombine-Community";
		};
/* End XCSwiftPackageProductDependency section */
	};
	rootObject = 0023BE082ACF45DA00122C37 /* Project object */;
}
